
Microsoft Visual Studio Solution File, Format Version 12.00
# Visual Studio 15
VisualStudioVersion = 15.0.28307.136
MinimumVisualStudioVersion = 10.0.40219.1
Project("{FAE04EC0-301F-11D3-BF4B-00C04F79EFBC}") = "SQLiteArrayStore", "SQLiteArrayStore\SQLiteArrayStore.csproj", "{15BC29A6-EDE7-4A85-8FE1-A2E5769C1743}"
EndProject
Project("{FAE04EC0-301F-11D3-BF4B-00C04F79EFBC}") = "SQLiteArrayStoreUnitTests", "SQLiteArrayStoreUnitTests\SQLiteArrayStoreUnitTests.csproj", "{95E9817E-E1D3-453F-8E97-084B4460E912}"
EndProject
Global
	GlobalSection(SolutionConfigurationPlatforms) = preSolution
		Debug|Any CPU = Debug|Any CPU
		Release|Any CPU = Release|Any CPU
	EndGlobalSection
	GlobalSection(ProjectConfigurationPlatforms) = postSolution
		{15BC29A6-EDE7-4A85-8FE1-A2E5769C1743}.Debug|Any CPU.ActiveCfg = Debug|Any CPU
		{15BC29A6-EDE7-4A85-8FE1-A2E5769C1743}.Debug|Any CPU.Build.0 = Debug|Any CPU
		{15BC29A6-EDE7-4A85-8FE1-A2E5769C1743}.Release|Any CPU.ActiveCfg = Release|Any CPU
		{15BC29A6-EDE7-4A85-8FE1-A2E5769C1743}.Release|Any CPU.Build.0 = Release|Any CPU
		{95E9817E-E1D3-453F-8E97-084B4460E912}.Debug|Any CPU.ActiveCfg = Debug|Any CPU
		{95E9817E-E1D3-453F-8E97-084B4460E912}.Debug|Any CPU.Build.0 = Debug|Any CPU
		{95E9817E-E1D3-453F-8E97-084B4460E912}.Release|Any CPU.ActiveCfg = Release|Any CPU
		{95E9817E-E1D3-453F-8E97-084B4460E912}.Release|Any CPU.Build.0 = Release|Any CPU
	EndGlobalSection
	GlobalSection(SolutionProperties) = preSolution
		HideSolutionNode = FALSE
	EndGlobalSection
	GlobalSection(ExtensibilityGlobals) = postSolution
		SolutionGuid = {A310566D-7F3D-4167-BD53-83E45AF1D9D0}
	EndGlobalSection
EndGlobal
